<Solution>
  <Folder Name="/ratel_backend_creatures/">
    <Project Path="ratel_backend_creatures\ratel_backend_creatures\ratel_backend_creatures.csproj" />
    <Project Path="ratel_backend_creatures\ratel_backend_creatures_client\ratel_backend_creatures_client.csproj" />
    <Project Path="ratel_backend_creatures\ratel_backend_creatures_dtos\ratel_backend_creatures_dtos.csproj" />
    <Project Path="ratel_backend_creatures\ratel_backend_creatures_e2e\ratel_backend_creatures_e2e.csproj" />
  </Folder>
  <Folder Name="/ratel_shared/">
    <Project Path="ratel_shared/ratel_shared_auxiliary/ratel_shared_auxiliary.csproj" />
    <Project Path="ratel_shared/ratel_shared_e2e/ratel_shared_e2e.csproj" />
    <Project Path="ratel_shared/ratel_shared_observability/ratel_shared_observability.csproj" />
  </Folder>
</Solution>
